
Microsoft Visual Studio Solution File, Format Version 12.00
# Visual Studio 2012
Project("{FAE04EC0-301F-11D3-BF4B-00C04F79EFBC}") = "XiangNingERP", "XiangNingERP\XiangNingERP.csproj", "{3511F097-D865-4566-91A5-0031C88ADD21}"
EndProject
Project("{FAE04EC0-301F-11D3-BF4B-00C04F79EFBC}") = "Common", "Common\Common.csproj", "{8F52FEFC-1C07-409E-92DE-1C2E3C925766}"
EndProject
Project("{FAE04EC0-301F-11D3-BF4B-00C04F79EFBC}") = "DalProject", "DalProject\DalProject.csproj", "{CD87A950-B1AD-4BBB-9BFF-E243F59D4686}"
EndProject
Project("{FAE04EC0-301F-11D3-BF4B-00C04F79EFBC}") = "Infrastructure", "Infrastructure\Infrastructure.csproj", "{E4062516-FCEA-43B2-8436-752A53829A2E}"
EndProject
Project("{FAE04EC0-301F-11D3-BF4B-00C04F79EFBC}") = "ModelProject", "ModelProject\ModelProject.csproj", "{E538FD10-AD0C-4494-9E24-685912EBB63A}"
EndProject
Project("{FAE04EC0-301F-11D3-BF4B-00C04F79EFBC}") = "ServiceProject", "ServiceProject\ServiceProject.csproj", "{BBA15F84-CC2F-4D6F-B949-F59EEF3AC343}"
EndProject
Project("{2150E333-8FDC-42A3-9474-1A3956D46DE8}") = "Web", "Web", "{674BB532-885B-4ADE-B05A-56D3FFB834EB}"
EndProject
Project("{FAE04EC0-301F-11D3-BF4B-00C04F79EFBC}") = "XNDY-ERP", "XNDY-ERP\XNDY-ERP.csproj", "{4F00C96C-E8F8-4E6B-8E91-C3DFC0FB444D}"
EndProject
Project("{FAE04EC0-301F-11D3-BF4B-00C04F79EFBC}") = "XN_Phone", "XN_Phone\XN_Phone.csproj", "{F55E60E9-96C7-4C72-B911-9F73AA7014B3}"
EndProject
Project("{FAE04EC0-301F-11D3-BF4B-00C04F79EFBC}") = "XiangNingWeb", "XiangNingWeb\XiangNingWeb.csproj", "{1BEF0492-F9FE-41C7-896F-EFCD94C79645}"
EndProject
Global
	GlobalSection(SolutionConfigurationPlatforms) = preSolution
		Debug|Any CPU = Debug|Any CPU
		Release|Any CPU = Release|Any CPU
	EndGlobalSection
	GlobalSection(ProjectConfigurationPlatforms) = postSolution
		{3511F097-D865-4566-91A5-0031C88ADD21}.Debug|Any CPU.ActiveCfg = Debug|Any CPU
		{3511F097-D865-4566-91A5-0031C88ADD21}.Debug|Any CPU.Build.0 = Debug|Any CPU
		{3511F097-D865-4566-91A5-0031C88ADD21}.Release|Any CPU.ActiveCfg = Release|Any CPU
		{3511F097-D865-4566-91A5-0031C88ADD21}.Release|Any CPU.Build.0 = Release|Any CPU
		{8F52FEFC-1C07-409E-92DE-1C2E3C925766}.Debug|Any CPU.ActiveCfg = Debug|Any CPU
		{8F52FEFC-1C07-409E-92DE-1C2E3C925766}.Debug|Any CPU.Build.0 = Debug|Any CPU
		{8F52FEFC-1C07-409E-92DE-1C2E3C925766}.Release|Any CPU.ActiveCfg = Release|Any CPU
		{8F52FEFC-1C07-409E-92DE-1C2E3C925766}.Release|Any CPU.Build.0 = Release|Any CPU
		{CD87A950-B1AD-4BBB-9BFF-E243F59D4686}.Debug|Any CPU.ActiveCfg = Debug|Any CPU
		{CD87A950-B1AD-4BBB-9BFF-E243F59D4686}.Debug|Any CPU.Build.0 = Debug|Any CPU
		{CD87A950-B1AD-4BBB-9BFF-E243F59D4686}.Release|Any CPU.ActiveCfg = Release|Any CPU
		{CD87A950-B1AD-4BBB-9BFF-E243F59D4686}.Release|Any CPU.Build.0 = Release|Any CPU
		{E4062516-FCEA-43B2-8436-752A53829A2E}.Debug|Any CPU.ActiveCfg = Debug|Any CPU
		{E4062516-FCEA-43B2-8436-752A53829A2E}.Debug|Any CPU.Build.0 = Debug|Any CPU
		{E4062516-FCEA-43B2-8436-752A53829A2E}.Release|Any CPU.ActiveCfg = Release|Any CPU
		{E4062516-FCEA-43B2-8436-752A53829A2E}.Release|Any CPU.Build.0 = Release|Any CPU
		{E538FD10-AD0C-4494-9E24-685912EBB63A}.Debug|Any CPU.ActiveCfg = Debug|Any CPU
		{E538FD10-AD0C-4494-9E24-685912EBB63A}.Debug|Any CPU.Build.0 = Debug|Any CPU
		{E538FD10-AD0C-4494-9E24-685912EBB63A}.Release|Any CPU.ActiveCfg = Release|Any CPU
		{E538FD10-AD0C-4494-9E24-685912EBB63A}.Release|Any CPU.Build.0 = Release|Any CPU
		{BBA15F84-CC2F-4D6F-B949-F59EEF3AC343}.Debug|Any CPU.ActiveCfg = Debug|Any CPU
		{BBA15F84-CC2F-4D6F-B949-F59EEF3AC343}.Debug|Any CPU.Build.0 = Debug|Any CPU
		{BBA15F84-CC2F-4D6F-B949-F59EEF3AC343}.Release|Any CPU.ActiveCfg = Release|Any CPU
		{BBA15F84-CC2F-4D6F-B949-F59EEF3AC343}.Release|Any CPU.Build.0 = Release|Any CPU
		{4F00C96C-E8F8-4E6B-8E91-C3DFC0FB444D}.Debug|Any CPU.ActiveCfg = Debug|Any CPU
		{4F00C96C-E8F8-4E6B-8E91-C3DFC0FB444D}.Debug|Any CPU.Build.0 = Debug|Any CPU
		{4F00C96C-E8F8-4E6B-8E91-C3DFC0FB444D}.Release|Any CPU.ActiveCfg = Release|Any CPU
		{4F00C96C-E8F8-4E6B-8E91-C3DFC0FB444D}.Release|Any CPU.Build.0 = Release|Any CPU
		{F55E60E9-96C7-4C72-B911-9F73AA7014B3}.Debug|Any CPU.ActiveCfg = Debug|Any CPU
		{F55E60E9-96C7-4C72-B911-9F73AA7014B3}.Debug|Any CPU.Build.0 = Debug|Any CPU
		{F55E60E9-96C7-4C72-B911-9F73AA7014B3}.Release|Any CPU.ActiveCfg = Release|Any CPU
		{F55E60E9-96C7-4C72-B911-9F73AA7014B3}.Release|Any CPU.Build.0 = Release|Any CPU
		{1BEF0492-F9FE-41C7-896F-EFCD94C79645}.Debug|Any CPU.ActiveCfg = Debug|Any CPU
		{1BEF0492-F9FE-41C7-896F-EFCD94C79645}.Debug|Any CPU.Build.0 = Debug|Any CPU
		{1BEF0492-F9FE-41C7-896F-EFCD94C79645}.Release|Any CPU.ActiveCfg = Release|Any CPU
		{1BEF0492-F9FE-41C7-896F-EFCD94C79645}.Release|Any CPU.Build.0 = Release|Any CPU
	EndGlobalSection
	GlobalSection(SolutionProperties) = preSolution
		HideSolutionNode = FALSE
	EndGlobalSection
	GlobalSection(NestedProjects) = preSolution
		{3511F097-D865-4566-91A5-0031C88ADD21} = {674BB532-885B-4ADE-B05A-56D3FFB834EB}
		{4F00C96C-E8F8-4E6B-8E91-C3DFC0FB444D} = {674BB532-885B-4ADE-B05A-56D3FFB834EB}
		{F55E60E9-96C7-4C72-B911-9F73AA7014B3} = {674BB532-885B-4ADE-B05A-56D3FFB834EB}
		{1BEF0492-F9FE-41C7-896F-EFCD94C79645} = {674BB532-885B-4ADE-B05A-56D3FFB834EB}
	EndGlobalSection
EndGlobal
